
Microsoft Visual Studio Solution File, Format Version 12.00
# Visual Studio 15
VisualStudioVersion = 15.0.27130.2027
MinimumVisualStudioVersion = 10.0.40219.1
Project("{FAE04EC0-301F-11D3-BF4B-00C04F79EFBC}") = "OnlineStore", "OnlineStore\OnlineStore.csproj", "{96696746-F545-4DFB-92C7-29EAD77436C6}"
EndProject
Global
	GlobalSection(SolutionConfigurationPlatforms) = preSolution
		Debug|Any CPU = Debug|Any CPU
		Release|Any CPU = Release|Any CPU
	EndGlobalSection
	GlobalSection(ProjectConfigurationPlatforms) = postSolution
		{96696746-F545-4DFB-92C7-29EAD77436C6}.Debug|Any CPU.ActiveCfg = Debug|Any CPU
		{96696746-F545-4DFB-92C7-29EAD77436C6}.Debug|Any CPU.Build.0 = Debug|Any CPU
		{96696746-F545-4DFB-92C7-29EAD77436C6}.Release|Any CPU.ActiveCfg = Release|Any CPU
		{96696746-F545-4DFB-92C7-29EAD77436C6}.Release|Any CPU.Build.0 = Release|Any CPU
	EndGlobalSection
	GlobalSection(SolutionProperties) = preSolution
		HideSolutionNode = FALSE
	EndGlobalSection
	GlobalSection(ExtensibilityGlobals) = postSolution
		SolutionGuid = {75C1A557-468F-4173-AAF7-0ECB83650554}
	EndGlobalSection
EndGlobal
